
Microsoft Visual Studio Solution File, Format Version 12.00
# Visual Studio 15
VisualStudioVersion = 15.0.27130.2020
MinimumVisualStudioVersion = 10.0.40219.1
Project("{FAE04EC0-301F-11D3-BF4B-00C04F79EFBC}") = "GolfCard", "GolfCard\GolfCard.csproj", "{68E9F2BE-1AFF-4E2F-B805-2AE5AFB4AF03}"
EndProject
Global
	GlobalSection(SolutionConfigurationPlatforms) = preSolution
		Debug|Any CPU = Debug|Any CPU
		Release|Any CPU = Release|Any CPU
	EndGlobalSection
	GlobalSection(ProjectConfigurationPlatforms) = postSolution
		{68E9F2BE-1AFF-4E2F-B805-2AE5AFB4AF03}.Debug|Any CPU.ActiveCfg = Debug|Any CPU
		{68E9F2BE-1AFF-4E2F-B805-2AE5AFB4AF03}.Debug|Any CPU.Build.0 = Debug|Any CPU
		{68E9F2BE-1AFF-4E2F-B805-2AE5AFB4AF03}.Release|Any CPU.ActiveCfg = Release|Any CPU
		{68E9F2BE-1AFF-4E2F-B805-2AE5AFB4AF03}.Release|Any CPU.Build.0 = Release|Any CPU
	EndGlobalSection
	GlobalSection(SolutionProperties) = preSolution
		HideSolutionNode = FALSE
	EndGlobalSection
	GlobalSection(ExtensibilityGlobals) = postSolution
		SolutionGuid = {85E3B11B-9D1D-4F61-8E7B-E82391C79C3B}
	EndGlobalSection
EndGlobal
